{
  "name": "justinsoberano.com",
  "lockfileVersion": 2,
  "requires": true,
  "packages": {
    "": {
      "dependencies": {
        "dat.gui": "^0.7.9",
        "three": "^0.149.0"
      },
      "devDependencies": {
        "typescript": "^4.9.5"
      }
    },
    "node_modules/dat.gui": {
      "version": "0.7.9",
      "resolved": "https://registry.npmjs.org/dat.gui/-/dat.gui-0.7.9.tgz",
      "integrity": "sha512-sCNc1OHobc+Erc1HqiswYgHdVNpSJUlk/Hz8vzOCsER7rl+oF/4+v8GXFUyCgtXpoCX6+bnmg07DedLvBLwYKQ=="
    },
    "node_modules/three": {
      "version": "0.149.0",
      "resolved": "https://registry.npmjs.org/three/-/three-0.149.0.tgz",
      "integrity": "sha512-tohpUxPDht0qExRLDTM8sjRLc5d9STURNrdnK3w9A+V4pxaTBfKWWT/IqtiLfg23Vfc3Z+ImNfvRw1/0CtxrkQ=="
    },
    "node_modules/typescript": {
      "version": "4.9.5",
      "resolved": "https://registry.npmjs.org/typescript/-/typescript-4.9.5.tgz",
      "integrity": "sha512-1FXk9E2Hm+QzZQ7z+McJiHL4NW1F2EzMu9Nq9i3zAaGqibafqYwCVU6WyWAuyQRRzOlxou8xZSyXLEN8oKj24g==",
      "dev": true,
      "bin": {
        "tsc": "bin/tsc",
        "tsserver": "bin/tsserver"
      },
      "engines": {
        "node": ">=4.2.0"
      }
    }
  },
  "dependencies": {
    "dat.gui": {
      "version": "0.7.9",
      "resolved": "https://registry.npmjs.org/dat.gui/-/dat.gui-0.7.9.tgz",
      "integrity": "sha512-sCNc1OHobc+Erc1HqiswYgHdVNpSJUlk/Hz8vzOCsER7rl+oF/4+v8GXFUyCgtXpoCX6+bnmg07DedLvBLwYKQ=="
    },
    "three": {
      "version": "0.149.0",
      "resolved": "https://registry.npmjs.org/three/-/three-0.149.0.tgz",
      "integrity": "sha512-tohpUxPDht0qExRLDTM8sjRLc5d9STURNrdnK3w9A+V4pxaTBfKWWT/IqtiLfg23Vfc3Z+ImNfvRw1/0CtxrkQ=="
    },
    "typescript": {
      "version": "4.9.5",
      "resolved": "https://registry.npmjs.org/typescript/-/typescript-4.9.5.tgz",
      "integrity": "sha512-1FXk9E2Hm+QzZQ7z+McJiHL4NW1F2EzMu9Nq9i3zAaGqibafqYwCVU6WyWAuyQRRzOlxou8xZSyXLEN8oKj24g==",
      "dev": true
    }
  }
}
